
Microsoft Visual Studio Solution File, Format Version 12.00
# Visual Studio Version 17
VisualStudioVersion = 17.0.31903.59
MinimumVisualStudioVersion = 10.0.40219.1
Project("{2150E333-8FDC-42A3-9474-1A3956D46DE8}") = "src", "src", "{C33EBCF0-A705-4A7A-A9C1-C0880BC7BF54}"
EndProject
Project("{FAE04EC0-301F-11D3-BF4B-00C04F79EFBC}") = "OrchestratorApiSample.Api", "src\OrchestratorApiSample.Api\OrchestratorApiSample.Api.csproj", "{AAC694CC-D981-43BA-80A8-26A70870E641}"
EndProject
Project("{FAE04EC0-301F-11D3-BF4B-00C04F79EFBC}") = "OrchestratorApiSample.Application", "src\OrchestratorApiSample.Application\OrchestratorApiSample.Application.csproj", "{8CB1C12A-6D7C-4020-9168-90742B48B0EC}"
EndProject
Project("{FAE04EC0-301F-11D3-BF4B-00C04F79EFBC}") = "OrchestratorApiSample.Domain", "src\OrchestratorApiSample.Domain\OrchestratorApiSample.Domain.csproj", "{BD8913B3-00B8-4D70-8C9D-28D91EAA3677}"
EndProject
Project("{2150E333-8FDC-42A3-9474-1A3956D46DE8}") = "tests", "tests", "{6848F09B-649E-43E9-82FD-BDA3CF6E47E7}"
EndProject
Project("{FAE04EC0-301F-11D3-BF4B-00C04F79EFBC}") = "OrchestratorApiSample.Tests", "tests\OrchestratorApiSample.Tests\OrchestratorApiSample.Tests.csproj", "{3442FA62-6D4A-459E-9B25-CB58036537A7}"
EndProject
Global
	GlobalSection(SolutionConfigurationPlatforms) = preSolution
		Debug|Any CPU = Debug|Any CPU
		Release|Any CPU = Release|Any CPU
	EndGlobalSection
	GlobalSection(SolutionProperties) = preSolution
		HideSolutionNode = FALSE
	EndGlobalSection
	GlobalSection(ProjectConfigurationPlatforms) = postSolution
		{AAC694CC-D981-43BA-80A8-26A70870E641}.Debug|Any CPU.ActiveCfg = Debug|Any CPU
		{AAC694CC-D981-43BA-80A8-26A70870E641}.Debug|Any CPU.Build.0 = Debug|Any CPU
		{AAC694CC-D981-43BA-80A8-26A70870E641}.Release|Any CPU.ActiveCfg = Release|Any CPU
		{AAC694CC-D981-43BA-80A8-26A70870E641}.Release|Any CPU.Build.0 = Release|Any CPU
		{8CB1C12A-6D7C-4020-9168-90742B48B0EC}.Debug|Any CPU.ActiveCfg = Debug|Any CPU
		{8CB1C12A-6D7C-4020-9168-90742B48B0EC}.Debug|Any CPU.Build.0 = Debug|Any CPU
		{8CB1C12A-6D7C-4020-9168-90742B48B0EC}.Release|Any CPU.ActiveCfg = Release|Any CPU
		{8CB1C12A-6D7C-4020-9168-90742B48B0EC}.Release|Any CPU.Build.0 = Release|Any CPU
		{BD8913B3-00B8-4D70-8C9D-28D91EAA3677}.Debug|Any CPU.ActiveCfg = Debug|Any CPU
		{BD8913B3-00B8-4D70-8C9D-28D91EAA3677}.Debug|Any CPU.Build.0 = Debug|Any CPU
		{BD8913B3-00B8-4D70-8C9D-28D91EAA3677}.Release|Any CPU.ActiveCfg = Release|Any CPU
		{BD8913B3-00B8-4D70-8C9D-28D91EAA3677}.Release|Any CPU.Build.0 = Release|Any CPU
		{3442FA62-6D4A-459E-9B25-CB58036537A7}.Debug|Any CPU.ActiveCfg = Debug|Any CPU
		{3442FA62-6D4A-459E-9B25-CB58036537A7}.Debug|Any CPU.Build.0 = Debug|Any CPU
		{3442FA62-6D4A-459E-9B25-CB58036537A7}.Release|Any CPU.ActiveCfg = Release|Any CPU
		{3442FA62-6D4A-459E-9B25-CB58036537A7}.Release|Any CPU.Build.0 = Release|Any CPU
	EndGlobalSection
	GlobalSection(NestedProjects) = preSolution
		{AAC694CC-D981-43BA-80A8-26A70870E641} = {C33EBCF0-A705-4A7A-A9C1-C0880BC7BF54}
		{8CB1C12A-6D7C-4020-9168-90742B48B0EC} = {C33EBCF0-A705-4A7A-A9C1-C0880BC7BF54}
		{BD8913B3-00B8-4D70-8C9D-28D91EAA3677} = {C33EBCF0-A705-4A7A-A9C1-C0880BC7BF54}
		{3442FA62-6D4A-459E-9B25-CB58036537A7} = {6848F09B-649E-43E9-82FD-BDA3CF6E47E7}
	EndGlobalSection
EndGlobal
